
Microsoft Visual Studio Solution File, Format Version 11.00
# Visual Studio 2010
Project("{8BC9CEB8-8B4A-11D0-8D11-00A0C91BC942}") = "SpriteAnimation", "opengltest\INFR2115_as1.vcxproj", "{78CE87DA-BC7A-4D25-BDC8-9DA3D93416E9}"
EndProject
Project("{2150E333-8FDC-42A3-9474-1A3956D46DE8}") = "Solution Items", "Solution Items", "{A898A116-B443-4536-A72F-B21BF1B55134}"
	ProjectSection(SolutionItems) = preProject
		..\..\Assignments\BaseSpriteLib.vsd = ..\..\Assignments\BaseSpriteLib.vsd
	EndProjectSection
EndProject
Global
	GlobalSection(SolutionConfigurationPlatforms) = preSolution
		Debug|Win32 = Debug|Win32
		Release|Win32 = Release|Win32
	EndGlobalSection
	GlobalSection(ProjectConfigurationPlatforms) = postSolution
		{78CE87DA-BC7A-4D25-BDC8-9DA3D93416E9}.Debug|Win32.ActiveCfg = Debug|Win32
		{78CE87DA-BC7A-4D25-BDC8-9DA3D93416E9}.Debug|Win32.Build.0 = Debug|Win32
		{78CE87DA-BC7A-4D25-BDC8-9DA3D93416E9}.Release|Win32.ActiveCfg = Release|Win32
		{78CE87DA-BC7A-4D25-BDC8-9DA3D93416E9}.Release|Win32.Build.0 = Release|Win32
	EndGlobalSection
	GlobalSection(SolutionProperties) = preSolution
		HideSolutionNode = FALSE
	EndGlobalSection
EndGlobal
