
Microsoft Visual Studio Solution File, Format Version 11.00
# Visual Studio 2010
Project("{8BC9CEB8-8B4A-11D0-8D11-00A0C91BC942}") = "Tutorial_2_Example_1", "Tutorial_2_Example_1\Tutorial_2_Example_1.vcxproj", "{EE3C6A82-3006-43AC-B8AC-0985838CA7A0}"
EndProject
Global
	GlobalSection(SolutionConfigurationPlatforms) = preSolution
		Debug|Win32 = Debug|Win32
		Release|Win32 = Release|Win32
	EndGlobalSection
	GlobalSection(ProjectConfigurationPlatforms) = postSolution
		{EE3C6A82-3006-43AC-B8AC-0985838CA7A0}.Debug|Win32.ActiveCfg = Debug|Win32
		{EE3C6A82-3006-43AC-B8AC-0985838CA7A0}.Debug|Win32.Build.0 = Debug|Win32
		{EE3C6A82-3006-43AC-B8AC-0985838CA7A0}.Release|Win32.ActiveCfg = Release|Win32
		{EE3C6A82-3006-43AC-B8AC-0985838CA7A0}.Release|Win32.Build.0 = Release|Win32
	EndGlobalSection
	GlobalSection(SolutionProperties) = preSolution
		HideSolutionNode = FALSE
	EndGlobalSection
EndGlobal
